
Microsoft Visual Studio Solution File, Format Version 12.00
# Visual Studio 14
VisualStudioVersion = 14.0.25420.1
MinimumVisualStudioVersion = 10.0.40219.1
Project("{8BC9CEB8-8B4A-11D0-8D11-00A0C91BC942}") = "PhotoDeduplicator", "Project1\Project1.vcxproj", "{4A1CEB33-F26E-47CA-8DF7-8BCB05E125D9}"
EndProject
Project("{8BC9CEB8-8B4A-11D0-8D11-00A0C91BC942}") = "GTest", "..\GTest\GTest.vcxproj", "{BFC0DE99-14DC-41F6-8C70-6277BFDB599E}"
EndProject
Project("{8BC9CEB8-8B4A-11D0-8D11-00A0C91BC942}") = "PhotoDeduplicatorTest", "PhotoDeduplicatorTest\PhotoDeduplicatorTest.vcxproj", "{CFB8CF46-BE94-420C-8E20-0DACDDBC2682}"
EndProject
Project("{8BC9CEB8-8B4A-11D0-8D11-00A0C91BC942}") = "deduplicatorInternals", "deduplicatorInternals\deduplicatorInternals.vcxproj", "{876702D6-4D19-4C50-AA32-FF5B16BBBA01}"
EndProject
Global
	GlobalSection(SolutionConfigurationPlatforms) = preSolution
		Debug|x64 = Debug|x64
		Debug|x86 = Debug|x86
		Release|x64 = Release|x64
		Release|x86 = Release|x86
	EndGlobalSection
	GlobalSection(ProjectConfigurationPlatforms) = postSolution
		{4A1CEB33-F26E-47CA-8DF7-8BCB05E125D9}.Debug|x64.ActiveCfg = Debug|x64
		{4A1CEB33-F26E-47CA-8DF7-8BCB05E125D9}.Debug|x64.Build.0 = Debug|x64
		{4A1CEB33-F26E-47CA-8DF7-8BCB05E125D9}.Debug|x86.ActiveCfg = Debug|Win32
		{4A1CEB33-F26E-47CA-8DF7-8BCB05E125D9}.Debug|x86.Build.0 = Debug|Win32
		{4A1CEB33-F26E-47CA-8DF7-8BCB05E125D9}.Release|x64.ActiveCfg = Release|x64
		{4A1CEB33-F26E-47CA-8DF7-8BCB05E125D9}.Release|x64.Build.0 = Release|x64
		{4A1CEB33-F26E-47CA-8DF7-8BCB05E125D9}.Release|x86.ActiveCfg = Release|Win32
		{4A1CEB33-F26E-47CA-8DF7-8BCB05E125D9}.Release|x86.Build.0 = Release|Win32
		{BFC0DE99-14DC-41F6-8C70-6277BFDB599E}.Debug|x64.ActiveCfg = Debug|x64
		{BFC0DE99-14DC-41F6-8C70-6277BFDB599E}.Debug|x64.Build.0 = Debug|x64
		{BFC0DE99-14DC-41F6-8C70-6277BFDB599E}.Debug|x86.ActiveCfg = Debug|Win32
		{BFC0DE99-14DC-41F6-8C70-6277BFDB599E}.Debug|x86.Build.0 = Debug|Win32
		{BFC0DE99-14DC-41F6-8C70-6277BFDB599E}.Release|x64.ActiveCfg = Release|x64
		{BFC0DE99-14DC-41F6-8C70-6277BFDB599E}.Release|x64.Build.0 = Release|x64
		{BFC0DE99-14DC-41F6-8C70-6277BFDB599E}.Release|x86.ActiveCfg = Release|Win32
		{BFC0DE99-14DC-41F6-8C70-6277BFDB599E}.Release|x86.Build.0 = Release|Win32
		{CFB8CF46-BE94-420C-8E20-0DACDDBC2682}.Debug|x64.ActiveCfg = Debug|x64
		{CFB8CF46-BE94-420C-8E20-0DACDDBC2682}.Debug|x64.Build.0 = Debug|x64
		{CFB8CF46-BE94-420C-8E20-0DACDDBC2682}.Debug|x86.ActiveCfg = Debug|Win32
		{CFB8CF46-BE94-420C-8E20-0DACDDBC2682}.Debug|x86.Build.0 = Debug|Win32
		{CFB8CF46-BE94-420C-8E20-0DACDDBC2682}.Release|x64.ActiveCfg = Release|x64
		{CFB8CF46-BE94-420C-8E20-0DACDDBC2682}.Release|x64.Build.0 = Release|x64
		{CFB8CF46-BE94-420C-8E20-0DACDDBC2682}.Release|x86.ActiveCfg = Release|Win32
		{CFB8CF46-BE94-420C-8E20-0DACDDBC2682}.Release|x86.Build.0 = Release|Win32
		{876702D6-4D19-4C50-AA32-FF5B16BBBA01}.Debug|x64.ActiveCfg = Debug|x64
		{876702D6-4D19-4C50-AA32-FF5B16BBBA01}.Debug|x64.Build.0 = Debug|x64
		{876702D6-4D19-4C50-AA32-FF5B16BBBA01}.Debug|x86.ActiveCfg = Debug|Win32
		{876702D6-4D19-4C50-AA32-FF5B16BBBA01}.Debug|x86.Build.0 = Debug|Win32
		{876702D6-4D19-4C50-AA32-FF5B16BBBA01}.Release|x64.ActiveCfg = Release|x64
		{876702D6-4D19-4C50-AA32-FF5B16BBBA01}.Release|x64.Build.0 = Release|x64
		{876702D6-4D19-4C50-AA32-FF5B16BBBA01}.Release|x86.ActiveCfg = Release|Win32
		{876702D6-4D19-4C50-AA32-FF5B16BBBA01}.Release|x86.Build.0 = Release|Win32
	EndGlobalSection
	GlobalSection(SolutionProperties) = preSolution
		HideSolutionNode = FALSE
	EndGlobalSection
EndGlobal
